// !$*UTF8*$!
{
	archiveVersion = 1;
	classes = {
	};
	objectVersion = 56;
	objects = {

/* Begin PBXBuildFile section */
		1B01CB59FD490FF50FF08B46 /* Pods_Trip.framework in Frameworks */ = {isa = PBXBuildFile; fileRef = 74733B397EB7C51F38B13779 /* Pods_Trip.framework */; };
		9919B32F2BBA331B00D057E6 /* UserInformationView.swift in Sources */ = {isa = PBXBuildFile; fileRef = 9919B32E2BBA331B00D057E6 /* UserInformationView.swift */; };
		992BB8712BA3D91400825A55 /* Sky.mp4 in Resources */ = {isa = PBXBuildFile; fileRef = 992BB8702BA3D91400825A55 /* Sky.mp4 */; };
		994E878D2BABC7F700956C69 /* GoogleService-Info.plist in Resources */ = {isa = PBXBuildFile; fileRef = 994E878C2BABC7F700956C69 /* GoogleService-Info.plist */; };
		994E878F2BABCA2200956C69 /* SignupView.swift in Sources */ = {isa = PBXBuildFile; fileRef = 994E878E2BABCA2200956C69 /* SignupView.swift */; };
		9962A1C22BA41AF40011B320 /* LocationManager.swift in Sources */ = {isa = PBXBuildFile; fileRef = 9962A1C12BA41AF40011B320 /* LocationManager.swift */; };
		99B49CAB2BBE49CD00E8326B /* HunterRankLogic.swift in Sources */ = {isa = PBXBuildFile; fileRef = 99B49CAA2BBE49CD00E8326B /* HunterRankLogic.swift */; };
		99B49CAD2BBE4B4800E8326B /* MomentPostView.swift in Sources */ = {isa = PBXBuildFile; fileRef = 99B49CAC2BBE4B4800E8326B /* MomentPostView.swift */; };
		99B49CAF2BBE4C2200E8326B /* MomentManager.swift in Sources */ = {isa = PBXBuildFile; fileRef = 99B49CAE2BBE4C2200E8326B /* MomentManager.swift */; };
		99E196E12BA3D2C7009CE1E4 /* TripApp.swift in Sources */ = {isa = PBXBuildFile; fileRef = 99E196E02BA3D2C7009CE1E4 /* TripApp.swift */; };
		99E196E32BA3D2C7009CE1E4 /* TestView.swift in Sources */ = {isa = PBXBuildFile; fileRef = 99E196E22BA3D2C7009CE1E4 /* TestView.swift */; };
		99E196E52BA3D2C8009CE1E4 /* Assets.xcassets in Resources */ = {isa = PBXBuildFile; fileRef = 99E196E42BA3D2C8009CE1E4 /* Assets.xcassets */; };
		99E196E82BA3D2C8009CE1E4 /* Preview Assets.xcassets in Resources */ = {isa = PBXBuildFile; fileRef = 99E196E72BA3D2C8009CE1E4 /* Preview Assets.xcassets */; };
		99E196EF2BA3D455009CE1E4 /* DestinationMapView.swift in Sources */ = {isa = PBXBuildFile; fileRef = 99E196EE2BA3D455009CE1E4 /* DestinationMapView.swift */; };
		99E196F12BA3D478009CE1E4 /* HomeView.swift in Sources */ = {isa = PBXBuildFile; fileRef = 99E196F02BA3D478009CE1E4 /* HomeView.swift */; };
		99E196F32BA3D49A009CE1E4 /* ContentView.swift in Sources */ = {isa = PBXBuildFile; fileRef = 99E196F22BA3D49A009CE1E4 /* ContentView.swift */; };
		99E196F52BA3D4AB009CE1E4 /* MomentView.swift in Sources */ = {isa = PBXBuildFile; fileRef = 99E196F42BA3D4AB009CE1E4 /* MomentView.swift */; };
		99E196F72BA3D4C2009CE1E4 /* PermissionLocationView.swift in Sources */ = {isa = PBXBuildFile; fileRef = 99E196F62BA3D4C2009CE1E4 /* PermissionLocationView.swift */; };
		99E196F92BA3D4E3009CE1E4 /* RuleDescriptionView.swift in Sources */ = {isa = PBXBuildFile; fileRef = 99E196F82BA3D4E3009CE1E4 /* RuleDescriptionView.swift */; };
		99E196FB2BA3D523009CE1E4 /* SnsShareView.swift in Sources */ = {isa = PBXBuildFile; fileRef = 99E196FA2BA3D523009CE1E4 /* SnsShareView.swift */; };
		99E196FD2BA3D539009CE1E4 /* MainTabView.swift in Sources */ = {isa = PBXBuildFile; fileRef = 99E196FC2BA3D539009CE1E4 /* MainTabView.swift */; };
/* End PBXBuildFile section */

/* Begin PBXFileReference section */
		0FB951EEDB2D4655533F17B6 /* Pods-Trip.release.xcconfig */ = {isa = PBXFileReference; includeInIndex = 1; lastKnownFileType = text.xcconfig; name = "Pods-Trip.release.xcconfig"; path = "Target Support Files/Pods-Trip/Pods-Trip.release.xcconfig"; sourceTree = "<group>"; };
		46FB16F6ED6A968D7BEFB98D /* Pods-Trip.debug.xcconfig */ = {isa = PBXFileReference; includeInIndex = 1; lastKnownFileType = text.xcconfig; name = "Pods-Trip.debug.xcconfig"; path = "Target Support Files/Pods-Trip/Pods-Trip.debug.xcconfig"; sourceTree = "<group>"; };
		74733B397EB7C51F38B13779 /* Pods_Trip.framework */ = {isa = PBXFileReference; explicitFileType = wrapper.framework; includeInIndex = 0; path = Pods_Trip.framework; sourceTree = BUILT_PRODUCTS_DIR; };
		9919B32E2BBA331B00D057E6 /* UserInformationView.swift */ = {isa = PBXFileReference; lastKnownFileType = sourcecode.swift; path = UserInformationView.swift; sourceTree = "<group>"; };
		991F12552BBFA11C00D32A26 /* Info.plist */ = {isa = PBXFileReference; lastKnownFileType = text.plist; path = Info.plist; sourceTree = "<group>"; };
		992BB8702BA3D91400825A55 /* Sky.mp4 */ = {isa = PBXFileReference; lastKnownFileType = file; path = Sky.mp4; sourceTree = "<group>"; };
		994E878C2BABC7F700956C69 /* GoogleService-Info.plist */ = {isa = PBXFileReference; fileEncoding = 4; lastKnownFileType = text.plist.xml; path = "GoogleService-Info.plist"; sourceTree = "<group>"; };
		994E878E2BABCA2200956C69 /* SignupView.swift */ = {isa = PBXFileReference; lastKnownFileType = sourcecode.swift; path = SignupView.swift; sourceTree = "<group>"; };
		9962A1C12BA41AF40011B320 /* LocationManager.swift */ = {isa = PBXFileReference; lastKnownFileType = sourcecode.swift; path = LocationManager.swift; sourceTree = "<group>"; };
		99B49CAA2BBE49CD00E8326B /* HunterRankLogic.swift */ = {isa = PBXFileReference; lastKnownFileType = sourcecode.swift; path = HunterRankLogic.swift; sourceTree = "<group>"; };
		99B49CAC2BBE4B4800E8326B /* MomentPostView.swift */ = {isa = PBXFileReference; lastKnownFileType = sourcecode.swift; path = MomentPostView.swift; sourceTree = "<group>"; };
		99B49CAE2BBE4C2200E8326B /* MomentManager.swift */ = {isa = PBXFileReference; lastKnownFileType = sourcecode.swift; path = MomentManager.swift; sourceTree = "<group>"; };
		99E196DD2BA3D2C7009CE1E4 /* Trip.app */ = {isa = PBXFileReference; explicitFileType = wrapper.application; includeInIndex = 0; path = Trip.app; sourceTree = BUILT_PRODUCTS_DIR; };
		99E196E02BA3D2C7009CE1E4 /* TripApp.swift */ = {isa = PBXFileReference; lastKnownFileType = sourcecode.swift; path = TripApp.swift; sourceTree = "<group>"; };
		99E196E22BA3D2C7009CE1E4 /* TestView.swift */ = {isa = PBXFileReference; lastKnownFileType = sourcecode.swift; path = TestView.swift; sourceTree = "<group>"; };
		99E196E42BA3D2C8009CE1E4 /* Assets.xcassets */ = {isa = PBXFileReference; lastKnownFileType = folder.assetcatalog; path = Assets.xcassets; sourceTree = "<group>"; };
		99E196E72BA3D2C8009CE1E4 /* Preview Assets.xcassets */ = {isa = PBXFileReference; lastKnownFileType = folder.assetcatalog; path = "Preview Assets.xcassets"; sourceTree = "<group>"; };
		99E196EE2BA3D455009CE1E4 /* DestinationMapView.swift */ = {isa = PBXFileReference; lastKnownFileType = sourcecode.swift; path = DestinationMapView.swift; sourceTree = "<group>"; };
		99E196F02BA3D478009CE1E4 /* HomeView.swift */ = {isa = PBXFileReference; lastKnownFileType = sourcecode.swift; path = HomeView.swift; sourceTree = "<group>"; };
		99E196F22BA3D49A009CE1E4 /* ContentView.swift */ = {isa = PBXFileReference; lastKnownFileType = sourcecode.swift; path = ContentView.swift; sourceTree = "<group>"; };
		99E196F42BA3D4AB009CE1E4 /* MomentView.swift */ = {isa = PBXFileReference; lastKnownFileType = sourcecode.swift; path = MomentView.swift; sourceTree = "<group>"; };
		99E196F62BA3D4C2009CE1E4 /* PermissionLocationView.swift */ = {isa = PBXFileReference; lastKnownFileType = sourcecode.swift; path = PermissionLocationView.swift; sourceTree = "<group>"; };
		99E196F82BA3D4E3009CE1E4 /* RuleDescriptionView.swift */ = {isa = PBXFileReference; lastKnownFileType = sourcecode.swift; path = RuleDescriptionView.swift; sourceTree = "<group>"; };
		99E196FA2BA3D523009CE1E4 /* SnsShareView.swift */ = {isa = PBXFileReference; lastKnownFileType = sourcecode.swift; path = SnsShareView.swift; sourceTree = "<group>"; };
		99E196FC2BA3D539009CE1E4 /* MainTabView.swift */ = {isa = PBXFileReference; lastKnownFileType = sourcecode.swift; path = MainTabView.swift; sourceTree = "<group>"; };
/* End PBXFileReference section */

/* Begin PBXFrameworksBuildPhase section */
		99E196DA2BA3D2C7009CE1E4 /* Frameworks */ = {
			isa = PBXFrameworksBuildPhase;
			buildActionMask = 2147483647;
			files = (
				1B01CB59FD490FF50FF08B46 /* Pods_Trip.framework in Frameworks */,
			);
			runOnlyForDeploymentPostprocessing = 0;
		};
/* End PBXFrameworksBuildPhase section */

/* Begin PBXGroup section */
		231A767E73FD0FC5EF304125 /* Pods */ = {
			isa = PBXGroup;
			children = (
				46FB16F6ED6A968D7BEFB98D /* Pods-Trip.debug.xcconfig */,
				0FB951EEDB2D4655533F17B6 /* Pods-Trip.release.xcconfig */,
			);
			path = Pods;
			sourceTree = "<group>";
		};
		69446BE3206EA13DF28754CC /* Frameworks */ = {
			isa = PBXGroup;
			children = (
				74733B397EB7C51F38B13779 /* Pods_Trip.framework */,
			);
			name = Frameworks;
			sourceTree = "<group>";
		};
		99E196D42BA3D2C7009CE1E4 = {
			isa = PBXGroup;
			children = (
				99E196DF2BA3D2C7009CE1E4 /* Trip */,
				99E196DE2BA3D2C7009CE1E4 /* Products */,
				231A767E73FD0FC5EF304125 /* Pods */,
				69446BE3206EA13DF28754CC /* Frameworks */,
			);
			sourceTree = "<group>";
		};
		99E196DE2BA3D2C7009CE1E4 /* Products */ = {
			isa = PBXGroup;
			children = (
				99E196DD2BA3D2C7009CE1E4 /* Trip.app */,
			);
			name = Products;
			sourceTree = "<group>";
		};
		99E196DF2BA3D2C7009CE1E4 /* Trip */ = {
			isa = PBXGroup;
			children = (
				991F12552BBFA11C00D32A26 /* Info.plist */,
				99E196E02BA3D2C7009CE1E4 /* TripApp.swift */,
				99E196F22BA3D49A009CE1E4 /* ContentView.swift */,
				994E878E2BABCA2200956C69 /* SignupView.swift */,
				99E196F62BA3D4C2009CE1E4 /* PermissionLocationView.swift */,
				99E196FC2BA3D539009CE1E4 /* MainTabView.swift */,
				99E196F02BA3D478009CE1E4 /* HomeView.swift */,
				99E196EE2BA3D455009CE1E4 /* DestinationMapView.swift */,
				99E196FA2BA3D523009CE1E4 /* SnsShareView.swift */,
				99E196F42BA3D4AB009CE1E4 /* MomentView.swift */,
				99E196F82BA3D4E3009CE1E4 /* RuleDescriptionView.swift */,
				994E878C2BABC7F700956C69 /* GoogleService-Info.plist */,
				9919B32E2BBA331B00D057E6 /* UserInformationView.swift */,
				99B49CAC2BBE4B4800E8326B /* MomentPostView.swift */,
				992BB8702BA3D91400825A55 /* Sky.mp4 */,
				99B49CAA2BBE49CD00E8326B /* HunterRankLogic.swift */,
				9962A1C12BA41AF40011B320 /* LocationManager.swift */,
				99B49CAE2BBE4C2200E8326B /* MomentManager.swift */,
				99E196E42BA3D2C8009CE1E4 /* Assets.xcassets */,
				99E196E22BA3D2C7009CE1E4 /* TestView.swift */,
				99E196E62BA3D2C8009CE1E4 /* Preview Content */,
			);
			path = Trip;
			sourceTree = "<group>";
		};
		99E196E62BA3D2C8009CE1E4 /* Preview Content */ = {
			isa = PBXGroup;
			children = (
				99E196E72BA3D2C8009CE1E4 /* Preview Assets.xcassets */,
			);
			path = "Preview Content";
			sourceTree = "<group>";
		};
/* End PBXGroup section */

/* Begin PBXNativeTarget section */
		99E196DC2BA3D2C7009CE1E4 /* Trip */ = {
			isa = PBXNativeTarget;
			buildConfigurationList = 99E196EB2BA3D2C8009CE1E4 /* Build configuration list for PBXNativeTarget "Trip" */;
			buildPhases = (
				02C7F04275B37F824D1B938D /* [CP] Check Pods Manifest.lock */,
				99E196D92BA3D2C7009CE1E4 /* Sources */,
				99E196DA2BA3D2C7009CE1E4 /* Frameworks */,
				99E196DB2BA3D2C7009CE1E4 /* Resources */,
				61526B446E577F3CA282D05E /* [CP] Copy Pods Resources */,
				E30DA4203EA5DA74D4264FFC /* [CP] Embed Pods Frameworks */,
			);
			buildRules = (
			);
			dependencies = (
			);
			name = Trip;
			productName = Trip;
			productReference = 99E196DD2BA3D2C7009CE1E4 /* Trip.app */;
			productType = "com.apple.product-type.application";
		};
/* End PBXNativeTarget section */

/* Begin PBXProject section */
		99E196D52BA3D2C7009CE1E4 /* Project object */ = {
			isa = PBXProject;
			attributes = {
				BuildIndependentTargetsInParallel = 1;
				LastSwiftUpdateCheck = 1530;
				LastUpgradeCheck = 1530;
				TargetAttributes = {
					99E196DC2BA3D2C7009CE1E4 = {
						CreatedOnToolsVersion = 15.3;
					};
				};
			};
			buildConfigurationList = 99E196D82BA3D2C7009CE1E4 /* Build configuration list for PBXProject "Trip" */;
			compatibilityVersion = "Xcode 14.0";
			developmentRegion = en;
			hasScannedForEncodings = 0;
			knownRegions = (
				en,
				Base,
			);
			mainGroup = 99E196D42BA3D2C7009CE1E4;
			productRefGroup = 99E196DE2BA3D2C7009CE1E4 /* Products */;
			projectDirPath = "";
			projectRoot = "";
			targets = (
				99E196DC2BA3D2C7009CE1E4 /* Trip */,
			);
		};
/* End PBXProject section */

/* Begin PBXResourcesBuildPhase section */
		99E196DB2BA3D2C7009CE1E4 /* Resources */ = {
			isa = PBXResourcesBuildPhase;
			buildActionMask = 2147483647;
			files = (
				992BB8712BA3D91400825A55 /* Sky.mp4 in Resources */,
				994E878D2BABC7F700956C69 /* GoogleService-Info.plist in Resources */,
				99E196E82BA3D2C8009CE1E4 /* Preview Assets.xcassets in Resources */,
				99E196E52BA3D2C8009CE1E4 /* Assets.xcassets in Resources */,
			);
			runOnlyForDeploymentPostprocessing = 0;
		};
/* End PBXResourcesBuildPhase section */

/* Begin PBXShellScriptBuildPhase section */
		02C7F04275B37F824D1B938D /* [CP] Check Pods Manifest.lock */ = {
			isa = PBXShellScriptBuildPhase;
			buildActionMask = 2147483647;
			files = (
			);
			inputFileListPaths = (
			);
			inputPaths = (
				"${PODS_PODFILE_DIR_PATH}/Podfile.lock",
				"${PODS_ROOT}/Manifest.lock",
			);
			name = "[CP] Check Pods Manifest.lock";
			outputFileListPaths = (
			);
			outputPaths = (
				"$(DERIVED_FILE_DIR)/Pods-Trip-checkManifestLockResult.txt",
			);
			runOnlyForDeploymentPostprocessing = 0;
			shellPath = /bin/sh;
			shellScript = "diff \"${PODS_PODFILE_DIR_PATH}/Podfile.lock\" \"${PODS_ROOT}/Manifest.lock\" > /dev/null\nif [ $? != 0 ] ; then\n    # print error to STDERR\n    echo \"error: The sandbox is not in sync with the Podfile.lock. Run 'pod install' or update your CocoaPods installation.\" >&2\n    exit 1\nfi\n# This output is used by Xcode 'outputs' to avoid re-running this script phase.\necho \"SUCCESS\" > \"${SCRIPT_OUTPUT_FILE_0}\"\n";
			showEnvVarsInLog = 0;
		};
		61526B446E577F3CA282D05E /* [CP] Copy Pods Resources */ = {
			isa = PBXShellScriptBuildPhase;
			buildActionMask = 2147483647;
			files = (
			);
			inputFileListPaths = (
				"${PODS_ROOT}/Target Support Files/Pods-Trip/Pods-Trip-resources-${CONFIGURATION}-input-files.xcfilelist",
			);
			name = "[CP] Copy Pods Resources";
			outputFileListPaths = (
				"${PODS_ROOT}/Target Support Files/Pods-Trip/Pods-Trip-resources-${CONFIGURATION}-output-files.xcfilelist",
			);
			runOnlyForDeploymentPostprocessing = 0;
			shellPath = /bin/sh;
			shellScript = "\"${PODS_ROOT}/Target Support Files/Pods-Trip/Pods-Trip-resources.sh\"\n";
			showEnvVarsInLog = 0;
		};
		E30DA4203EA5DA74D4264FFC /* [CP] Embed Pods Frameworks */ = {
			isa = PBXShellScriptBuildPhase;
			buildActionMask = 2147483647;
			files = (
			);
			inputFileListPaths = (
				"${PODS_ROOT}/Target Support Files/Pods-Trip/Pods-Trip-frameworks-${CONFIGURATION}-input-files.xcfilelist",
			);
			name = "[CP] Embed Pods Frameworks";
			outputFileListPaths = (
				"${PODS_ROOT}/Target Support Files/Pods-Trip/Pods-Trip-frameworks-${CONFIGURATION}-output-files.xcfilelist",
			);
			runOnlyForDeploymentPostprocessing = 0;
			shellPath = /bin/sh;
			shellScript = "\"${PODS_ROOT}/Target Support Files/Pods-Trip/Pods-Trip-frameworks.sh\"\n";
			showEnvVarsInLog = 0;
		};
/* End PBXShellScriptBuildPhase section */

/* Begin PBXSourcesBuildPhase section */
		99E196D92BA3D2C7009CE1E4 /* Sources */ = {
			isa = PBXSourcesBuildPhase;
			buildActionMask = 2147483647;
			files = (
				994E878F2BABCA2200956C69 /* SignupView.swift in Sources */,
				99E196FD2BA3D539009CE1E4 /* MainTabView.swift in Sources */,
				99B49CAB2BBE49CD00E8326B /* HunterRankLogic.swift in Sources */,
				99E196EF2BA3D455009CE1E4 /* DestinationMapView.swift in Sources */,
				99E196F32BA3D49A009CE1E4 /* ContentView.swift in Sources */,
				9962A1C22BA41AF40011B320 /* LocationManager.swift in Sources */,
				99E196F12BA3D478009CE1E4 /* HomeView.swift in Sources */,
				99B49CAD2BBE4B4800E8326B /* MomentPostView.swift in Sources */,
				99E196F92BA3D4E3009CE1E4 /* RuleDescriptionView.swift in Sources */,
				99B49CAF2BBE4C2200E8326B /* MomentManager.swift in Sources */,
				99E196E32BA3D2C7009CE1E4 /* TestView.swift in Sources */,
				9919B32F2BBA331B00D057E6 /* UserInformationView.swift in Sources */,
				99E196FB2BA3D523009CE1E4 /* SnsShareView.swift in Sources */,
				99E196F52BA3D4AB009CE1E4 /* MomentView.swift in Sources */,
				99E196F72BA3D4C2009CE1E4 /* PermissionLocationView.swift in Sources */,
				99E196E12BA3D2C7009CE1E4 /* TripApp.swift in Sources */,
			);
			runOnlyForDeploymentPostprocessing = 0;
		};
/* End PBXSourcesBuildPhase section */

/* Begin XCBuildConfiguration section */
		99E196E92BA3D2C8009CE1E4 /* Debug */ = {
			isa = XCBuildConfiguration;
			buildSettings = {
				ALWAYS_SEARCH_USER_PATHS = NO;
				ASSETCATALOG_COMPILER_GENERATE_SWIFT_ASSET_SYMBOL_EXTENSIONS = YES;
				CLANG_ANALYZER_NONNULL = YES;
				CLANG_ANALYZER_NUMBER_OBJECT_CONVERSION = YES_AGGRESSIVE;
				CLANG_CXX_LANGUAGE_STANDARD = "gnu++20";
				CLANG_ENABLE_MODULES = YES;
				CLANG_ENABLE_OBJC_ARC = YES;
				CLANG_ENABLE_OBJC_WEAK = YES;
				CLANG_WARN_BLOCK_CAPTURE_AUTORELEASING = YES;
				CLANG_WARN_BOOL_CONVERSION = YES;
				CLANG_WARN_COMMA = YES;
				CLANG_WARN_CONSTANT_CONVERSION = YES;
				CLANG_WARN_DEPRECATED_OBJC_IMPLEMENTATIONS = YES;
				CLANG_WARN_DIRECT_OBJC_ISA_USAGE = YES_ERROR;
				CLANG_WARN_DOCUMENTATION_COMMENTS = YES;
				CLANG_WARN_EMPTY_BODY = YES;
				CLANG_WARN_ENUM_CONVERSION = YES;
				CLANG_WARN_INFINITE_RECURSION = YES;
				CLANG_WARN_INT_CONVERSION = YES;
				CLANG_WARN_NON_LITERAL_NULL_CONVERSION = YES;
				CLANG_WARN_OBJC_IMPLICIT_RETAIN_SELF = YES;
				CLANG_WARN_OBJC_LITERAL_CONVERSION = YES;
				CLANG_WARN_OBJC_ROOT_CLASS = YES_ERROR;
				CLANG_WARN_QUOTED_INCLUDE_IN_FRAMEWORK_HEADER = YES;
				CLANG_WARN_RANGE_LOOP_ANALYSIS = YES;
				CLANG_WARN_STRICT_PROTOTYPES = YES;
				CLANG_WARN_SUSPICIOUS_MOVE = YES;
				CLANG_WARN_UNGUARDED_AVAILABILITY = YES_AGGRESSIVE;
				CLANG_WARN_UNREACHABLE_CODE = YES;
				CLANG_WARN__DUPLICATE_METHOD_MATCH = YES;
				COPY_PHASE_STRIP = NO;
				DEBUG_INFORMATION_FORMAT = dwarf;
				ENABLE_STRICT_OBJC_MSGSEND = YES;
				ENABLE_TESTABILITY = YES;
				ENABLE_USER_SCRIPT_SANDBOXING = NO;
				GCC_C_LANGUAGE_STANDARD = gnu17;
				GCC_DYNAMIC_NO_PIC = NO;
				GCC_NO_COMMON_BLOCKS = YES;
				GCC_OPTIMIZATION_LEVEL = 0;
				GCC_PREPROCESSOR_DEFINITIONS = (
					"DEBUG=1",
					"$(inherited)",
				);
				GCC_WARN_64_TO_32_BIT_CONVERSION = YES;
				GCC_WARN_ABOUT_RETURN_TYPE = YES_ERROR;
				GCC_WARN_UNDECLARED_SELECTOR = YES;
				GCC_WARN_UNINITIALIZED_AUTOS = YES_AGGRESSIVE;
				GCC_WARN_UNUSED_FUNCTION = YES;
				GCC_WARN_UNUSED_VARIABLE = YES;
				IPHONEOS_DEPLOYMENT_TARGET = 17.4;
				LOCALIZATION_PREFERS_STRING_CATALOGS = YES;
				MTL_ENABLE_DEBUG_INFO = INCLUDE_SOURCE;
				MTL_FAST_MATH = YES;
				ONLY_ACTIVE_ARCH = YES;
				SDKROOT = iphoneos;
				SWIFT_ACTIVE_COMPILATION_CONDITIONS = "DEBUG $(inherited)";
				SWIFT_OPTIMIZATION_LEVEL = "-Onone";
			};
			name = Debug;
		};
		99E196EA2BA3D2C8009CE1E4 /* Release */ = {
			isa = XCBuildConfiguration;
			buildSettings = {
				ALWAYS_SEARCH_USER_PATHS = NO;
				ASSETCATALOG_COMPILER_GENERATE_SWIFT_ASSET_SYMBOL_EXTENSIONS = YES;
				CLANG_ANALYZER_NONNULL = YES;
				CLANG_ANALYZER_NUMBER_OBJECT_CONVERSION = YES_AGGRESSIVE;
				CLANG_CXX_LANGUAGE_STANDARD = "gnu++20";
				CLANG_ENABLE_MODULES = YES;
				CLANG_ENABLE_OBJC_ARC = YES;
				CLANG_ENABLE_OBJC_WEAK = YES;
				CLANG_WARN_BLOCK_CAPTURE_AUTORELEASING = YES;
				CLANG_WARN_BOOL_CONVERSION = YES;
				CLANG_WARN_COMMA = YES;
				CLANG_WARN_CONSTANT_CONVERSION = YES;
				CLANG_WARN_DEPRECATED_OBJC_IMPLEMENTATIONS = YES;
				CLANG_WARN_DIRECT_OBJC_ISA_USAGE = YES_ERROR;
				CLANG_WARN_DOCUMENTATION_COMMENTS = YES;
				CLANG_WARN_EMPTY_BODY = YES;
				CLANG_WARN_ENUM_CONVERSION = YES;
				CLANG_WARN_INFINITE_RECURSION = YES;
				CLANG_WARN_INT_CONVERSION = YES;
				CLANG_WARN_NON_LITERAL_NULL_CONVERSION = YES;
				CLANG_WARN_OBJC_IMPLICIT_RETAIN_SELF = YES;
				CLANG_WARN_OBJC_LITERAL_CONVERSION = YES;
				CLANG_WARN_OBJC_ROOT_CLASS = YES_ERROR;
				CLANG_WARN_QUOTED_INCLUDE_IN_FRAMEWORK_HEADER = YES;
				CLANG_WARN_RANGE_LOOP_ANALYSIS = YES;
				CLANG_WARN_STRICT_PROTOTYPES = YES;
				CLANG_WARN_SUSPICIOUS_MOVE = YES;
				CLANG_WARN_UNGUARDED_AVAILABILITY = YES_AGGRESSIVE;
				CLANG_WARN_UNREACHABLE_CODE = YES;
				CLANG_WARN__DUPLICATE_METHOD_MATCH = YES;
				COPY_PHASE_STRIP = NO;
				DEBUG_INFORMATION_FORMAT = "dwarf-with-dsym";
				ENABLE_NS_ASSERTIONS = NO;
				ENABLE_STRICT_OBJC_MSGSEND = YES;
				ENABLE_USER_SCRIPT_SANDBOXING = NO;
				GCC_C_LANGUAGE_STANDARD = gnu17;
				GCC_NO_COMMON_BLOCKS = YES;
				GCC_WARN_64_TO_32_BIT_CONVERSION = YES;
				GCC_WARN_ABOUT_RETURN_TYPE = YES_ERROR;
				GCC_WARN_UNDECLARED_SELECTOR = YES;
				GCC_WARN_UNINITIALIZED_AUTOS = YES_AGGRESSIVE;
				GCC_WARN_UNUSED_FUNCTION = YES;
				GCC_WARN_UNUSED_VARIABLE = YES;
				IPHONEOS_DEPLOYMENT_TARGET = 17.4;
				LOCALIZATION_PREFERS_STRING_CATALOGS = YES;
				MTL_ENABLE_DEBUG_INFO = NO;
				MTL_FAST_MATH = YES;
				SDKROOT = iphoneos;
				SWIFT_COMPILATION_MODE = wholemodule;
				VALIDATE_PRODUCT = YES;
			};
			name = Release;
		};
		99E196EC2BA3D2C8009CE1E4 /* Debug */ = {
			isa = XCBuildConfiguration;
			baseConfigurationReference = 46FB16F6ED6A968D7BEFB98D /* Pods-Trip.debug.xcconfig */;
			buildSettings = {
				ASSETCATALOG_COMPILER_APPICON_NAME = AppIcon;
				ASSETCATALOG_COMPILER_GLOBAL_ACCENT_COLOR_NAME = AccentColor;
				CODE_SIGN_STYLE = Automatic;
				CURRENT_PROJECT_VERSION = 1;
				DEVELOPMENT_ASSET_PATHS = "\"Trip/Preview Content\"";
				ENABLE_PREVIEWS = YES;
				GENERATE_INFOPLIST_FILE = YES;
				INFOPLIST_FILE = Trip/Info.plist;
				INFOPLIST_KEY_UIApplicationSceneManifest_Generation = YES;
				INFOPLIST_KEY_UIApplicationSupportsIndirectInputEvents = YES;
				INFOPLIST_KEY_UILaunchScreen_Generation = YES;
				INFOPLIST_KEY_UISupportedInterfaceOrientations_iPad = "UIInterfaceOrientationPortrait UIInterfaceOrientationPortraitUpsideDown UIInterfaceOrientationLandscapeLeft UIInterfaceOrientationLandscapeRight";
				INFOPLIST_KEY_UISupportedInterfaceOrientations_iPhone = "UIInterfaceOrientationPortrait UIInterfaceOrientationLandscapeLeft UIInterfaceOrientationLandscapeRight";
				LD_RUNPATH_SEARCH_PATHS = (
					"$(inherited)",
					"@executable_path/Frameworks",
				);
				MARKETING_VERSION = 1.0;
				PRODUCT_BUNDLE_IDENTIFIER = FAIR.Trip;
				PRODUCT_NAME = "$(TARGET_NAME)";
				SWIFT_EMIT_LOC_STRINGS = YES;
				SWIFT_VERSION = 5.0;
				TARGETED_DEVICE_FAMILY = "1,2";
			};
			name = Debug;
		};
		99E196ED2BA3D2C8009CE1E4 /* Release */ = {
			isa = XCBuildConfiguration;
			baseConfigurationReference = 0FB951EEDB2D4655533F17B6 /* Pods-Trip.release.xcconfig */;
			buildSettings = {
				ASSETCATALOG_COMPILER_APPICON_NAME = AppIcon;
				ASSETCATALOG_COMPILER_GLOBAL_ACCENT_COLOR_NAME = AccentColor;
				CODE_SIGN_STYLE = Automatic;
				CURRENT_PROJECT_VERSION = 1;
				DEVELOPMENT_ASSET_PATHS = "\"Trip/Preview Content\"";
				ENABLE_PREVIEWS = YES;
				GENERATE_INFOPLIST_FILE = YES;
				INFOPLIST_FILE = Trip/Info.plist;
				INFOPLIST_KEY_UIApplicationSceneManifest_Generation = YES;
				INFOPLIST_KEY_UIApplicationSupportsIndirectInputEvents = YES;
				INFOPLIST_KEY_UILaunchScreen_Generation = YES;
				INFOPLIST_KEY_UISupportedInterfaceOrientations_iPad = "UIInterfaceOrientationPortrait UIInterfaceOrientationPortraitUpsideDown UIInterfaceOrientationLandscapeLeft UIInterfaceOrientationLandscapeRight";
				INFOPLIST_KEY_UISupportedInterfaceOrientations_iPhone = "UIInterfaceOrientationPortrait UIInterfaceOrientationLandscapeLeft UIInterfaceOrientationLandscapeRight";
				LD_RUNPATH_SEARCH_PATHS = (
					"$(inherited)",
					"@executable_path/Frameworks",
				);
				MARKETING_VERSION = 1.0;
				PRODUCT_BUNDLE_IDENTIFIER = FAIR.Trip;
				PRODUCT_NAME = "$(TARGET_NAME)";
				SWIFT_EMIT_LOC_STRINGS = YES;
				SWIFT_VERSION = 5.0;
				TARGETED_DEVICE_FAMILY = "1,2";
			};
			name = Release;
		};
/* End XCBuildConfiguration section */

/* Begin XCConfigurationList section */
		99E196D82BA3D2C7009CE1E4 /* Build configuration list for PBXProject "Trip" */ = {
			isa = XCConfigurationList;
			buildConfigurations = (
				99E196E92BA3D2C8009CE1E4 /* Debug */,
				99E196EA2BA3D2C8009CE1E4 /* Release */,
			);
			defaultConfigurationIsVisible = 0;
			defaultConfigurationName = Release;
		};
		99E196EB2BA3D2C8009CE1E4 /* Build configuration list for PBXNativeTarget "Trip" */ = {
			isa = XCConfigurationList;
			buildConfigurations = (
				99E196EC2BA3D2C8009CE1E4 /* Debug */,
				99E196ED2BA3D2C8009CE1E4 /* Release */,
			);
			defaultConfigurationIsVisible = 0;
			defaultConfigurationName = Release;
		};
/* End XCConfigurationList section */
	};
	rootObject = 99E196D52BA3D2C7009CE1E4 /* Project object */;
}
